lockfileVersion: '9.0'

settings:
  autoInstallPeers: true
  excludeLinksFromLockfile: false

importers:

  .:
    devDependencies:
      markdown-table:
        specifier: ^3.0.3
        version: 3.0.4

packages:

  markdown-table@3.0.4:
    resolution: {integrity: sha512-wiYz4+JrLyb/DqW2hkFJxP7Vd7JuTDm77fvbM8VfEQdmSMqcImWeeRbHwZjBjIFki/VaMK2BhFi7oUUZeM5bqw==}

snapshots:

  markdown-table@3.0.4: {}
